
Microsoft Visual Studio Solution File, Format Version 12.00
# Visual Studio 15
VisualStudioVersion = 15.0.28010.2026
MinimumVisualStudioVersion = 10.0.40219.1
Project("{FAE04EC0-301F-11D3-BF4B-00C04F79EFBC}") = "Strings", "Strings\Strings.csproj", "{C973CF6F-9631-441F-9B21-477FBF6A9739}"
EndProject
Global
	GlobalSection(SolutionConfigurationPlatforms) = preSolution
		Debug|Any CPU = Debug|Any CPU
		Release|Any CPU = Release|Any CPU
	EndGlobalSection
	GlobalSection(ProjectConfigurationPlatforms) = postSolution
		{C973CF6F-9631-441F-9B21-477FBF6A9739}.Debug|Any CPU.ActiveCfg = Debug|Any CPU
		{C973CF6F-9631-441F-9B21-477FBF6A9739}.Debug|Any CPU.Build.0 = Debug|Any CPU
		{C973CF6F-9631-441F-9B21-477FBF6A9739}.Release|Any CPU.ActiveCfg = Release|Any CPU
		{C973CF6F-9631-441F-9B21-477FBF6A9739}.Release|Any CPU.Build.0 = Release|Any CPU
	EndGlobalSection
	GlobalSection(SolutionProperties) = preSolution
		HideSolutionNode = FALSE
	EndGlobalSection
	GlobalSection(ExtensibilityGlobals) = postSolution
		SolutionGuid = {E58A4C47-732E-477C-BA71-6B09E0DC076D}
	EndGlobalSection
EndGlobal
